21016
8772

2026-09-26T12:28:49.103945+00:00
                                                                                                                                                                                                                                                                                                                                                                                                                                                                                   